// !$*UTF8*$!
{
	archiveVersion = 1;
	classes = {
	};
	objectVersion = 46;
	objects = {

/* Begin PBXBuildFile section */
		27017B351E38029200DD090D /* CommentsVC+TextField.swift in Sources */ = {isa = PBXBuildFile; fileRef = 27017B341E38029200DD090D /* CommentsVC+TextField.swift */; };
		27166B101DCCE63800A57821 /* AppDelegate.swift in Sources */ = {isa = PBXBuildFile; fileRef = 27166B0F1DCCE63800A57821 /* AppDelegate.swift */; };
		27166B121DCCE63800A57821 /* SignInVC.swift in Sources */ = {isa = PBXBuildFile; fileRef = 27166B111DCCE63800A57821 /* SignInVC.swift */; };
		27166B171DCCE63800A57821 /* Assets.xcassets in Resources */ = {isa = PBXBuildFile; fileRef = 27166B161DCCE63800A57821 /* Assets.xcassets */; };
		27166B1A1DCCE63800A57821 /* LaunchScreen.storyboard in Resources */ = {isa = PBXBuildFile; fileRef = 27166B181DCCE63800A57821 /* LaunchScreen.storyboard */; };
		27166B221DCCE7BD00A57821 /* GoogleService-Info.plist in Resources */ = {isa = PBXBuildFile; fileRef = 27166B211DCCE7BD00A57821 /* GoogleService-Info.plist */; };
		27166B291DCCF2F400A57821 /* Lobster1.4.otf in Resources */ = {isa = PBXBuildFile; fileRef = 27166B281DCCF2F400A57821 /* Lobster1.4.otf */; };
		27166B2B1DCCF5F300A57821 /* RoundedCornerButton.swift in Sources */ = {isa = PBXBuildFile; fileRef = 27166B2A1DCCF5F300A57821 /* RoundedCornerButton.swift */; };
		27166B2D1DCCF67500A57821 /* RoundedBorderClearBackgroundButton.swift in Sources */ = {isa = PBXBuildFile; fileRef = 27166B2C1DCCF67500A57821 /* RoundedBorderClearBackgroundButton.swift */; };
		27166B2F1DCD03A500A57821 /* SignUpVC.swift in Sources */ = {isa = PBXBuildFile; fileRef = 27166B2E1DCD03A500A57821 /* SignUpVC.swift */; };
		27166B311DCD03BD00A57821 /* EntryVC.swift in Sources */ = {isa = PBXBuildFile; fileRef = 27166B301DCD03BD00A57821 /* EntryVC.swift */; };
		27166B331DCD03E200A57821 /* FeedVC.swift in Sources */ = {isa = PBXBuildFile; fileRef = 27166B321DCD03E200A57821 /* FeedVC.swift */; };
		27166B351DCD0D2800A57821 /* Bolts.framework in Frameworks */ = {isa = PBXBuildFile; fileRef = 27166B341DCD0D2800A57821 /* Bolts.framework */; };
		27166B3E1DCD0F9500A57821 /* DataService.swift in Sources */ = {isa = PBXBuildFile; fileRef = 27166B3D1DCD0F9500A57821 /* DataService.swift */; };
		27166B401DCD108300A57821 /* Constants.swift in Sources */ = {isa = PBXBuildFile; fileRef = 27166B3F1DCD108300A57821 /* Constants.swift */; };
		2719A1471E1AB37B001A901F /* ProfileVC+SaveUserInfo.swift in Sources */ = {isa = PBXBuildFile; fileRef = 2719A1461E1AB37B001A901F /* ProfileVC+SaveUserInfo.swift */; };
		271F085B1E2835C000A8B867 /* ResponsiveTextField.swift in Sources */ = {isa = PBXBuildFile; fileRef = 271F085A1E2835C000A8B867 /* ResponsiveTextField.swift */; };
		271F085D1E3135BD00A8B867 /* FeedVC+FeedTableView.swift in Sources */ = {isa = PBXBuildFile; fileRef = 271F085C1E3135BD00A8B867 /* FeedVC+FeedTableView.swift */; };
		274474471DD6A5DA007EBABF /* UserPicCell.swift in Sources */ = {isa = PBXBuildFile; fileRef = 274474461DD6A5DA007EBABF /* UserPicCell.swift */; };
		2744744B1DD7965C007EBABF /* FeedCell.swift in Sources */ = {isa = PBXBuildFile; fileRef = 2744744A1DD7965C007EBABF /* FeedCell.swift */; };
		2744744D1DD8EF78007EBABF /* DropShadow.swift in Sources */ = {isa = PBXBuildFile; fileRef = 2744744C1DD8EF78007EBABF /* DropShadow.swift */; };
		2744744F1DDA2BB1007EBABF /* ResetPassVC.swift in Sources */ = {isa = PBXBuildFile; fileRef = 2744744E1DDA2BB1007EBABF /* ResetPassVC.swift */; };
		274474511DDA6DA9007EBABF /* User.swift in Sources */ = {isa = PBXBuildFile; fileRef = 274474501DDA6DA9007EBABF /* User.swift */; };
		274474531DDE1B5E007EBABF /* NavBarDropShadow.swift in Sources */ = {isa = PBXBuildFile; fileRef = 274474521DDE1B5E007EBABF /* NavBarDropShadow.swift */; };
		274474551DDE1EF8007EBABF /* Post.swift in Sources */ = {isa = PBXBuildFile; fileRef = 274474541DDE1EF8007EBABF /* Post.swift */; };
		274474571DDE209B007EBABF /* PostVC.swift in Sources */ = {isa = PBXBuildFile; fileRef = 274474561DDE209B007EBABF /* PostVC.swift */; };
		2748FE4C1E241B0D00A282A5 /* SinglePhotoVC.swift in Sources */ = {isa = PBXBuildFile; fileRef = 2748FE4B1E241B0D00A282A5 /* SinglePhotoVC.swift */; };
		274994701DCD2E470015B6F8 /* FirebaseAuth.swift in Sources */ = {isa = PBXBuildFile; fileRef = 2749946F1DCD2E470015B6F8 /* FirebaseAuth.swift */; };
		274994721DCD36AB0015B6F8 /* Main.storyboard in Resources */ = {isa = PBXBuildFile; fileRef = 274994711DCD36AB0015B6F8 /* Main.storyboard */; };
		274994781DD0EDC50015B6F8 /* CircleImage.swift in Sources */ = {isa = PBXBuildFile; fileRef = 274994771DD0EDC50015B6F8 /* CircleImage.swift */; };
		2749947E1DD287530015B6F8 /* ProfileVC.swift in Sources */ = {isa = PBXBuildFile; fileRef = 2749947D1DD287530015B6F8 /* ProfileVC.swift */; };
		27589DF21E9689C90037FC43 /* PetAppTests.swift in Sources */ = {isa = PBXBuildFile; fileRef = 27589DF11E9689C90037FC43 /* PetAppTests.swift */; };
		275F146E1EAFB8380026C13C /* FollowListVC.swift in Sources */ = {isa = PBXBuildFile; fileRef = 275F146D1EAFB8380026C13C /* FollowListVC.swift */; };
		275F14701EAFB8600026C13C /* FollowCell.swift in Sources */ = {isa = PBXBuildFile; fileRef = 275F146F1EAFB8600026C13C /* FollowCell.swift */; };
		2778F4071DFF6570009BCF65 /* CommentsVC.swift in Sources */ = {isa = PBXBuildFile; fileRef = 2778F4061DFF6570009BCF65 /* CommentsVC.swift */; };
		2778F4091E007955009BCF65 /* SinglePhotoCell.swift in Sources */ = {isa = PBXBuildFile; fileRef = 2778F4081E007955009BCF65 /* SinglePhotoCell.swift */; };
		2778F40D1E047D72009BCF65 /* CoreData.framework in Frameworks */ = {isa = PBXBuildFile; fileRef = 2778F40C1E047D72009BCF65 /* CoreData.framework */; };
		2788DE481DEF614500078A41 /* ViewUserVC.swift in Sources */ = {isa = PBXBuildFile; fileRef = 2788DE471DEF614500078A41 /* ViewUserVC.swift */; };
		2788DE4B1DF09F6C00078A41 /* PostVC+CoreImage.swift in Sources */ = {isa = PBXBuildFile; fileRef = 2788DE4A1DF09F6C00078A41 /* PostVC+CoreImage.swift */; };
		2788DE4F1DF2070C00078A41 /* PostCaptionVC.swift in Sources */ = {isa = PBXBuildFile; fileRef = 2788DE4E1DF2070C00078A41 /* PostCaptionVC.swift */; };
		2788DE511DF2086D00078A41 /* PostCaptionVC+TextView.swift in Sources */ = {isa = PBXBuildFile; fileRef = 2788DE501DF2086D00078A41 /* PostCaptionVC+TextView.swift */; };
		278B91F31E0889BE00918312 /* CommentsVC+CommentTableView.swift in Sources */ = {isa = PBXBuildFile; fileRef = 278B91F21E0889BE00918312 /* CommentsVC+CommentTableView.swift */; };
		278B91F51E088C1C00918312 /* CommentCell.swift in Sources */ = {isa = PBXBuildFile; fileRef = 278B91F41E088C1C00918312 /* CommentCell.swift */; };
		278B91F71E09BED200918312 /* Comment.swift in Sources */ = {isa = PBXBuildFile; fileRef = 278B91F61E09BED200918312 /* Comment.swift */; };
		279F2FA21E313A8400DD2A7B /* ViewUserVC+Follow.swift in Sources */ = {isa = PBXBuildFile; fileRef = 279F2FA11E313A8400DD2A7B /* ViewUserVC+Follow.swift */; };
		279F2FA41E313B8700DD2A7B /* UserListVC+Search.swift in Sources */ = {isa = PBXBuildFile; fileRef = 279F2FA31E313B8700DD2A7B /* UserListVC+Search.swift */; };
		279F2FA61E313CE700DD2A7B /* ViewUserVC+UserInfo.swift in Sources */ = {isa = PBXBuildFile; fileRef = 279F2FA51E313CE700DD2A7B /* ViewUserVC+UserInfo.swift */; };
		279F2FAA1E316CC000DD2A7B /* LeftToRightSegue.swift in Sources */ = {isa = PBXBuildFile; fileRef = 279F2FA91E316CC000DD2A7B /* LeftToRightSegue.swift */; };
		279F2FAC1E316E3400DD2A7B /* RIghtToLeftSegue.swift in Sources */ = {isa = PBXBuildFile; fileRef = 279F2FAB1E316E3400DD2A7B /* RIghtToLeftSegue.swift */; };
		279F2FB01E326CC200DD2A7B /* UserCell.swift in Sources */ = {isa = PBXBuildFile; fileRef = 279F2FAF1E326CC200DD2A7B /* UserCell.swift */; };
		27A2D5301E2539ED005CDCB7 /* UserListVC.swift in Sources */ = {isa = PBXBuildFile; fileRef = 27A2D52F1E2539ED005CDCB7 /* UserListVC.swift */; };
		27BD7DEC1DDF935300B9DB9A /* TextFieldMaxLengths.swift in Sources */ = {isa = PBXBuildFile; fileRef = 27BD7DEB1DDF935300B9DB9A /* TextFieldMaxLengths.swift */; };
		27BD7DF11DE4FBF800B9DB9A /* UsernameVC.swift in Sources */ = {isa = PBXBuildFile; fileRef = 27BD7DF01DE4FBF800B9DB9A /* UsernameVC.swift */; };
		B61761CB0A8D5494AA1962C9 /* Pods_PetApp.framework in Frameworks */ = {isa = PBXBuildFile; fileRef = CE1B3ADE42D2BA19DA972589 /* Pods_PetApp.framework */; };
/* End PBXBuildFile section */

/* Begin PBXContainerItemProxy section */
		27589DF41E9689C90037FC43 /* PBXContainerItemProxy */ = {
			isa = PBXContainerItemProxy;
			containerPortal = 27166B041DCCE63800A57821 /* Project object */;
			proxyType = 1;
			remoteGlobalIDString = 27166B0B1DCCE63800A57821;
			remoteInfo = PetApp;
		};
/* End PBXContainerItemProxy section */

/* Begin PBXFileReference section */
		27017B341E38029200DD090D /* CommentsVC+TextField.swift */ = {isa = PBXFileReference; fileEncoding = 4; lastKnownFileType = sourcecode.swift; path = "CommentsVC+TextField.swift"; sourceTree = "<group>"; };
		27166B0C1DCCE63800A57821 /* PetApp.app */ = {isa = PBXFileReference; explicitFileType = wrapper.application; includeInIndex = 0; path = PetApp.app; sourceTree = BUILT_PRODUCTS_DIR; };
		27166B0F1DCCE63800A57821 /* AppDelegate.swift */ = {isa = PBXFileReference; lastKnownFileType = sourcecode.swift; path = AppDelegate.swift; sourceTree = "<group>"; };
		27166B111DCCE63800A57821 /* SignInVC.swift */ = {isa = PBXFileReference; lastKnownFileType = sourcecode.swift; path = SignInVC.swift; sourceTree = "<group>"; };
		27166B161DCCE63800A57821 /* Assets.xcassets */ = {isa = PBXFileReference; lastKnownFileType = folder.assetcatalog; path = Assets.xcassets; sourceTree = "<group>"; };
		27166B191DCCE63800A57821 /* Base */ = {isa = PBXFileReference; lastKnownFileType = file.storyboard; name = Base; path = Base.lproj/LaunchScreen.storyboard; sourceTree = "<group>"; };
		27166B1B1DCCE63800A57821 /* Info.plist */ = {isa = PBXFileReference; lastKnownFileType = text.plist.xml; path = Info.plist; sourceTree = "<group>"; };
		27166B211DCCE7BD00A57821 /* GoogleService-Info.plist */ = {isa = PBXFileReference; fileEncoding = 4; lastKnownFileType = text.plist.xml; path = "GoogleService-Info.plist"; sourceTree = "<group>"; };
		27166B281DCCF2F400A57821 /* Lobster1.4.otf */ = {isa = PBXFileReference; lastKnownFileType = file; path = Lobster1.4.otf; sourceTree = "<group>"; };
		27166B2A1DCCF5F300A57821 /* RoundedCornerButton.swift */ = {isa = PBXFileReference; fileEncoding = 4; lastKnownFileType = sourcecode.swift; path = RoundedCornerButton.swift; sourceTree = "<group>"; };
		27166B2C1DCCF67500A57821 /* RoundedBorderClearBackgroundButton.swift */ = {isa = PBXFileReference; fileEncoding = 4; lastKnownFileType = sourcecode.swift; path = RoundedBorderClearBackgroundButton.swift; sourceTree = "<group>"; };
		27166B2E1DCD03A500A57821 /* SignUpVC.swift */ = {isa = PBXFileReference; fileEncoding = 4; lastKnownFileType = sourcecode.swift; path = SignUpVC.swift; sourceTree = "<group>"; };
		27166B301DCD03BD00A57821 /* EntryVC.swift */ = {isa = PBXFileReference; fileEncoding = 4; lastKnownFileType = sourcecode.swift; path = EntryVC.swift; sourceTree = "<group>"; };
		27166B321DCD03E200A57821 /* FeedVC.swift */ = {isa = PBXFileReference; fileEncoding = 4; lastKnownFileType = sourcecode.swift; path = FeedVC.swift; sourceTree = "<group>"; };
		27166B341DCD0D2800A57821 /* Bolts.framework */ = {isa = PBXFileReference; lastKnownFileType = wrapper.framework; path = Bolts.framework; sourceTree = "<group>"; };
		27166B3D1DCD0F9500A57821 /* DataService.swift */ = {isa = PBXFileReference; fileEncoding = 4; lastKnownFileType = sourcecode.swift; path = DataService.swift; sourceTree = "<group>"; };
		27166B3F1DCD108300A57821 /* Constants.swift */ = {isa = PBXFileReference; fileEncoding = 4; lastKnownFileType = sourcecode.swift; path = Constants.swift; sourceTree = "<group>"; };
		27166B411DCD10D500A57821 /* PetApp.entitlements */ = {isa = PBXFileReference; lastKnownFileType = text.plist.entitlements; path = PetApp.entitlements; sourceTree = "<group>"; };
		2719A1461E1AB37B001A901F /* ProfileVC+SaveUserInfo.swift */ = {isa = PBXFileReference; fileEncoding = 4; lastKnownFileType = sourcecode.swift; path = "ProfileVC+SaveUserInfo.swift"; sourceTree = "<group>"; };
		271F085A1E2835C000A8B867 /* ResponsiveTextField.swift */ = {isa = PBXFileReference; fileEncoding = 4; lastKnownFileType = sourcecode.swift; path = ResponsiveTextField.swift; sourceTree = "<group>"; };
		271F085C1E3135BD00A8B867 /* FeedVC+FeedTableView.swift */ = {isa = PBXFileReference; fileEncoding = 4; lastKnownFileType = sourcecode.swift; path = "FeedVC+FeedTableView.swift"; sourceTree = "<group>"; };
		274474461DD6A5DA007EBABF /* UserPicCell.swift */ = {isa = PBXFileReference; fileEncoding = 4; lastKnownFileType = sourcecode.swift; path = UserPicCell.swift; sourceTree = "<group>"; };
		2744744A1DD7965C007EBABF /* FeedCell.swift */ = {isa = PBXFileReference; fileEncoding = 4; lastKnownFileType = sourcecode.swift; path = FeedCell.swift; sourceTree = "<group>"; };
		2744744C1DD8EF78007EBABF /* DropShadow.swift */ = {isa = PBXFileReference; fileEncoding = 4; lastKnownFileType = sourcecode.swift; path = DropShadow.swift; sourceTree = "<group>"; };
		2744744E1DDA2BB1007EBABF /* ResetPassVC.swift */ = {isa = PBXFileReference; fileEncoding = 4; lastKnownFileType = sourcecode.swift; path = ResetPassVC.swift; sourceTree = "<group>"; };
		274474501DDA6DA9007EBABF /* User.swift */ = {isa = PBXFileReference; fileEncoding = 4; lastKnownFileType = sourcecode.swift; path = User.swift; sourceTree = "<group>"; };
		274474521DDE1B5E007EBABF /* NavBarDropShadow.swift */ = {isa = PBXFileReference; fileEncoding = 4; lastKnownFileType = sourcecode.swift; path = NavBarDropShadow.swift; sourceTree = "<group>"; };
		274474541DDE1EF8007EBABF /* Post.swift */ = {isa = PBXFileReference; fileEncoding = 4; lastKnownFileType = sourcecode.swift; path = Post.swift; sourceTree = "<group>"; };
		274474561DDE209B007EBABF /* PostVC.swift */ = {isa = PBXFileReference; fileEncoding = 4; lastKnownFileType = sourcecode.swift; path = PostVC.swift; sourceTree = "<group>"; };
		2748FE4B1E241B0D00A282A5 /* SinglePhotoVC.swift */ = {isa = PBXFileReference; fileEncoding = 4; lastKnownFileType = sourcecode.swift; path = SinglePhotoVC.swift; sourceTree = "<group>"; };
		2749946F1DCD2E470015B6F8 /* FirebaseAuth.swift */ = {isa = PBXFileReference; fileEncoding = 4; lastKnownFileType = sourcecode.swift; path = FirebaseAuth.swift; sourceTree = "<group>"; };
		274994711DCD36AB0015B6F8 /* Main.storyboard */ = {isa = PBXFileReference; fileEncoding = 4; lastKnownFileType = file.storyboard; path = Main.storyboard; sourceTree = "<group>"; };
		274994771DD0EDC50015B6F8 /* CircleImage.swift */ = {isa = PBXFileReference; fileEncoding = 4; lastKnownFileType = sourcecode.swift; path = CircleImage.swift; sourceTree = "<group>"; };
		2749947D1DD287530015B6F8 /* ProfileVC.swift */ = {isa = PBXFileReference; fileEncoding = 4; lastKnownFileType = sourcecode.swift; path = ProfileVC.swift; sourceTree = "<group>"; };
		27589DEF1E9689C90037FC43 /* PetAppTests.xctest */ = {isa = PBXFileReference; explicitFileType = wrapper.cfbundle; includeInIndex = 0; path = PetAppTests.xctest; sourceTree = BUILT_PRODUCTS_DIR; };
		27589DF11E9689C90037FC43 /* PetAppTests.swift */ = {isa = PBXFileReference; lastKnownFileType = sourcecode.swift; path = PetAppTests.swift; sourceTree = "<group>"; };
		27589DF31E9689C90037FC43 /* Info.plist */ = {isa = PBXFileReference; lastKnownFileType = text.plist.xml; path = Info.plist; sourceTree = "<group>"; };
		275F146D1EAFB8380026C13C /* FollowListVC.swift */ = {isa = PBXFileReference; fileEncoding = 4; lastKnownFileType = sourcecode.swift; path = FollowListVC.swift; sourceTree = "<group>"; };
		275F146F1EAFB8600026C13C /* FollowCell.swift */ = {isa = PBXFileReference; fileEncoding = 4; lastKnownFileType = sourcecode.swift; path = FollowCell.swift; sourceTree = "<group>"; };
		2778F4061DFF6570009BCF65 /* CommentsVC.swift */ = {isa = PBXFileReference; fileEncoding = 4; lastKnownFileType = sourcecode.swift; path = CommentsVC.swift; sourceTree = "<group>"; };
		2778F4081E007955009BCF65 /* SinglePhotoCell.swift */ = {isa = PBXFileReference; fileEncoding = 4; lastKnownFileType = sourcecode.swift; path = SinglePhotoCell.swift; sourceTree = "<group>"; };
		2778F40C1E047D72009BCF65 /* CoreData.framework */ = {isa = PBXFileReference; lastKnownFileType = wrapper.framework; name = CoreData.framework; path = System/Library/Frameworks/CoreData.framework; sourceTree = SDKROOT; };
		2788DE471DEF614500078A41 /* ViewUserVC.swift */ = {isa = PBXFileReference; fileEncoding = 4; lastKnownFileType = sourcecode.swift; path = ViewUserVC.swift; sourceTree = "<group>"; };
		2788DE4A1DF09F6C00078A41 /* PostVC+CoreImage.swift */ = {isa = PBXFileReference; fileEncoding = 4; lastKnownFileType = sourcecode.swift; path = "PostVC+CoreImage.swift"; sourceTree = "<group>"; };
		2788DE4E1DF2070C00078A41 /* PostCaptionVC.swift */ = {isa = PBXFileReference; fileEncoding = 4; lastKnownFileType = sourcecode.swift; path = PostCaptionVC.swift; sourceTree = "<group>"; };
		2788DE501DF2086D00078A41 /* PostCaptionVC+TextView.swift */ = {isa = PBXFileReference; fileEncoding = 4; lastKnownFileType = sourcecode.swift; path = "PostCaptionVC+TextView.swift"; sourceTree = "<group>"; };
		278B91F21E0889BE00918312 /* CommentsVC+CommentTableView.swift */ = {isa = PBXFileReference; fileEncoding = 4; lastKnownFileType = sourcecode.swift; path = "CommentsVC+CommentTableView.swift"; sourceTree = "<group>"; };
		278B91F41E088C1C00918312 /* CommentCell.swift */ = {isa = PBXFileReference; fileEncoding = 4; lastKnownFileType = sourcecode.swift; path = CommentCell.swift; sourceTree = "<group>"; };
		278B91F61E09BED200918312 /* Comment.swift */ = {isa = PBXFileReference; fileEncoding = 4; lastKnownFileType = sourcecode.swift; path = Comment.swift; sourceTree = "<group>"; };
		279F2FA11E313A8400DD2A7B /* ViewUserVC+Follow.swift */ = {isa = PBXFileReference; fileEncoding = 4; lastKnownFileType = sourcecode.swift; path = "ViewUserVC+Follow.swift"; sourceTree = "<group>"; };
		279F2FA31E313B8700DD2A7B /* UserListVC+Search.swift */ = {isa = PBXFileReference; fileEncoding = 4; lastKnownFileType = sourcecode.swift; path = "UserListVC+Search.swift"; sourceTree = "<group>"; };
		279F2FA51E313CE700DD2A7B /* ViewUserVC+UserInfo.swift */ = {isa = PBXFileReference; fileEncoding = 4; lastKnownFileType = sourcecode.swift; path = "ViewUserVC+UserInfo.swift"; sourceTree = "<group>"; };
		279F2FA91E316CC000DD2A7B /* LeftToRightSegue.swift */ = {isa = PBXFileReference; fileEncoding = 4; lastKnownFileType = sourcecode.swift; path = LeftToRightSegue.swift; sourceTree = "<group>"; };
		279F2FAB1E316E3400DD2A7B /* RIghtToLeftSegue.swift */ = {isa = PBXFileReference; fileEncoding = 4; lastKnownFileType = sourcecode.swift; path = RIghtToLeftSegue.swift; sourceTree = "<group>"; };
		279F2FAF1E326CC200DD2A7B /* UserCell.swift */ = {isa = PBXFileReference; fileEncoding = 4; lastKnownFileType = sourcecode.swift; path = UserCell.swift; sourceTree = "<group>"; };
		27A2D52F1E2539ED005CDCB7 /* UserListVC.swift */ = {isa = PBXFileReference; fileEncoding = 4; lastKnownFileType = sourcecode.swift; path = UserListVC.swift; sourceTree = "<group>"; };
		27BD7DEB1DDF935300B9DB9A /* TextFieldMaxLengths.swift */ = {isa = PBXFileReference; fileEncoding = 4; lastKnownFileType = sourcecode.swift; path = TextFieldMaxLengths.swift; sourceTree = "<group>"; };
		27BD7DF01DE4FBF800B9DB9A /* UsernameVC.swift */ = {isa = PBXFileReference; fileEncoding = 4; lastKnownFileType = sourcecode.swift; path = UsernameVC.swift; sourceTree = "<group>"; };
		6CD65ED0F38C43BADF665691 /* Pods-PetApp.debug.xcconfig */ = {isa = PBXFileReference; includeInIndex = 1; lastKnownFileType = text.xcconfig; name = "Pods-PetApp.debug.xcconfig"; path = "Pods/Target Support Files/Pods-PetApp/Pods-PetApp.debug.xcconfig"; sourceTree = "<group>"; };
		CE1B3ADE42D2BA19DA972589 /* Pods_PetApp.framework */ = {isa = PBXFileReference; explicitFileType = wrapper.framework; includeInIndex = 0; path = Pods_PetApp.framework; sourceTree = BUILT_PRODUCTS_DIR; };
		D33CB02ABE7EC0697EAF044B /* Pods-PetApp.release.xcconfig */ = {isa = PBXFileReference; includeInIndex = 1; lastKnownFileType = text.xcconfig; name = "Pods-PetApp.release.xcconfig"; path = "Pods/Target Support Files/Pods-PetApp/Pods-PetApp.release.xcconfig"; sourceTree = "<group>"; };
/* End PBXFileReference section */

/* Begin PBXFrameworksBuildPhase section */
		27166B091DCCE63800A57821 /* Frameworks */ = {
			isa = PBXFrameworksBuildPhase;
			buildActionMask = 2147483647;
			files = (
				2778F40D1E047D72009BCF65 /* CoreData.framework in Frameworks */,
				B61761CB0A8D5494AA1962C9 /* Pods_PetApp.framework in Frameworks */,
				27166B351DCD0D2800A57821 /* Bolts.framework in Frameworks */,
			);
			runOnlyForDeploymentPostprocessing = 0;
		};
		27589DEC1E9689C90037FC43 /* Frameworks */ = {
			isa = PBXFrameworksBuildPhase;
			buildActionMask = 2147483647;
			files = (
			);
			runOnlyForDeploymentPostprocessing = 0;
		};
/* End PBXFrameworksBuildPhase section */

/* Begin PBXGroup section */
		27166B031DCCE63800A57821 = {
			isa = PBXGroup;
			children = (
				27166B0E1DCCE63800A57821 /* PetApp */,
				27589DF01E9689C90037FC43 /* PetAppTests */,
				27166B0D1DCCE63800A57821 /* Products */,
				B92DB1227B52F6C1C94BB145 /* Pods */,
				32AA3AA8459EA9C86F7B8203 /* Frameworks */,
			);
			sourceTree = "<group>";
		};
		27166B0D1DCCE63800A57821 /* Products */ = {
			isa = PBXGroup;
			children = (
				27166B0C1DCCE63800A57821 /* PetApp.app */,
				27589DEF1E9689C90037FC43 /* PetAppTests.xctest */,
			);
			name = Products;
			sourceTree = "<group>";
		};
		27166B0E1DCCE63800A57821 /* PetApp */ = {
			isa = PBXGroup;
			children = (
				2788DE491DF09F1100078A41 /* Extensions */,
				27166B411DCD10D500A57821 /* PetApp.entitlements */,
				27166B3C1DCD0F7A00A57821 /* Services */,
				27166B271DCCEE3100A57821 /* Model */,
				27166B261DCCEE2500A57821 /* View */,
				27166B251DCCEE2100A57821 /* Controller */,
				27166B231DCCEE1000A57821 /* Resources */,
				27166B0F1DCCE63800A57821 /* AppDelegate.swift */,
				274994711DCD36AB0015B6F8 /* Main.storyboard */,
				27166B181DCCE63800A57821 /* LaunchScreen.storyboard */,
				27166B241DCCEE1A00A57821 /* Utilities */,
			);
			path = PetApp;
			sourceTree = "<group>";
		};
		27166B231DCCEE1000A57821 /* Resources */ = {
			isa = PBXGroup;
			children = (
				27166B161DCCE63800A57821 /* Assets.xcassets */,
				27166B1B1DCCE63800A57821 /* Info.plist */,
				27166B211DCCE7BD00A57821 /* GoogleService-Info.plist */,
				27166B281DCCF2F400A57821 /* Lobster1.4.otf */,
			);
			name = Resources;
			sourceTree = "<group>";
		};
		27166B241DCCEE1A00A57821 /* Utilities */ = {
			isa = PBXGroup;
			children = (
				27166B3F1DCD108300A57821 /* Constants.swift */,
				2749946F1DCD2E470015B6F8 /* FirebaseAuth.swift */,
			);
			name = Utilities;
			sourceTree = "<group>";
		};
		27166B251DCCEE2100A57821 /* Controller */ = {
			isa = PBXGroup;
			children = (
				27166B301DCD03BD00A57821 /* EntryVC.swift */,
				27166B111DCCE63800A57821 /* SignInVC.swift */,
				2744744E1DDA2BB1007EBABF /* ResetPassVC.swift */,
				27166B2E1DCD03A500A57821 /* SignUpVC.swift */,
				27BD7DF01DE4FBF800B9DB9A /* UsernameVC.swift */,
				27166B321DCD03E200A57821 /* FeedVC.swift */,
				2749947D1DD287530015B6F8 /* ProfileVC.swift */,
				2788DE471DEF614500078A41 /* ViewUserVC.swift */,
				2748FE4B1E241B0D00A282A5 /* SinglePhotoVC.swift */,
				274474561DDE209B007EBABF /* PostVC.swift */,
				2788DE4E1DF2070C00078A41 /* PostCaptionVC.swift */,
				2778F4061DFF6570009BCF65 /* CommentsVC.swift */,
				27A2D52F1E2539ED005CDCB7 /* UserListVC.swift */,
				275F146D1EAFB8380026C13C /* FollowListVC.swift */,
			);
			name = Controller;
			sourceTree = "<group>";
		};
		27166B261DCCEE2500A57821 /* View */ = {
			isa = PBXGroup;
			children = (
				27166B2A1DCCF5F300A57821 /* RoundedCornerButton.swift */,
				27166B2C1DCCF67500A57821 /* RoundedBorderClearBackgroundButton.swift */,
				274994771DD0EDC50015B6F8 /* CircleImage.swift */,
				274474461DD6A5DA007EBABF /* UserPicCell.swift */,
				2744744C1DD8EF78007EBABF /* DropShadow.swift */,
				274474521DDE1B5E007EBABF /* NavBarDropShadow.swift */,
				27BD7DEB1DDF935300B9DB9A /* TextFieldMaxLengths.swift */,
				2744744A1DD7965C007EBABF /* FeedCell.swift */,
				2778F4081E007955009BCF65 /* SinglePhotoCell.swift */,
				278B91F41E088C1C00918312 /* CommentCell.swift */,
				279F2FA91E316CC000DD2A7B /* LeftToRightSegue.swift */,
				279F2FAB1E316E3400DD2A7B /* RIghtToLeftSegue.swift */,
				279F2FAF1E326CC200DD2A7B /* UserCell.swift */,
				271F085A1E2835C000A8B867 /* ResponsiveTextField.swift */,
				275F146F1EAFB8600026C13C /* FollowCell.swift */,
			);
			name = View;
			sourceTree = "<group>";
		};
		27166B271DCCEE3100A57821 /* Model */ = {
			isa = PBXGroup;
			children = (
				274474501DDA6DA9007EBABF /* User.swift */,
				274474541DDE1EF8007EBABF /* Post.swift */,
				278B91F61E09BED200918312 /* Comment.swift */,
			);
			name = Model;
			sourceTree = "<group>";
		};
		27166B3C1DCD0F7A00A57821 /* Services */ = {
			isa = PBXGroup;
			children = (
				27166B3D1DCD0F9500A57821 /* DataService.swift */,
			);
			name = Services;
			sourceTree = "<group>";
		};
		27589DF01E9689C90037FC43 /* PetAppTests */ = {
			isa = PBXGroup;
			children = (
				27589DF11E9689C90037FC43 /* PetAppTests.swift */,
				27589DF31E9689C90037FC43 /* Info.plist */,
			);
			path = PetAppTests;
			sourceTree = "<group>";
		};
		2788DE491DF09F1100078A41 /* Extensions */ = {
			isa = PBXGroup;
			children = (
				2788DE4A1DF09F6C00078A41 /* PostVC+CoreImage.swift */,
				2788DE501DF2086D00078A41 /* PostCaptionVC+TextView.swift */,
				271F085C1E3135BD00A8B867 /* FeedVC+FeedTableView.swift */,
				278B91F21E0889BE00918312 /* CommentsVC+CommentTableView.swift */,
				27017B341E38029200DD090D /* CommentsVC+TextField.swift */,
				2719A1461E1AB37B001A901F /* ProfileVC+SaveUserInfo.swift */,
				279F2FA11E313A8400DD2A7B /* ViewUserVC+Follow.swift */,
				279F2FA51E313CE700DD2A7B /* ViewUserVC+UserInfo.swift */,
				279F2FA31E313B8700DD2A7B /* UserListVC+Search.swift */,
			);
			name = Extensions;
			sourceTree = "<group>";
		};
		32AA3AA8459EA9C86F7B8203 /* Frameworks */ = {
			isa = PBXGroup;
			children = (
				2778F40C1E047D72009BCF65 /* CoreData.framework */,
				27166B341DCD0D2800A57821 /* Bolts.framework */,
				CE1B3ADE42D2BA19DA972589 /* Pods_PetApp.framework */,
			);
			name = Frameworks;
			sourceTree = "<group>";
		};
		B92DB1227B52F6C1C94BB145 /* Pods */ = {
			isa = PBXGroup;
			children = (
				6CD65ED0F38C43BADF665691 /* Pods-PetApp.debug.xcconfig */,
				D33CB02ABE7EC0697EAF044B /* Pods-PetApp.release.xcconfig */,
			);
			name = Pods;
			sourceTree = "<group>";
		};
/* End PBXGroup section */

/* Begin PBXNativeTarget section */
		27166B0B1DCCE63800A57821 /* PetApp */ = {
			isa = PBXNativeTarget;
			buildConfigurationList = 27166B1E1DCCE63800A57821 /* Build configuration list for PBXNativeTarget "PetApp" */;
			buildPhases = (
				946AC9D43EF78C98BFC1D87C /* [CP] Check Pods Manifest.lock */,
				27166B081DCCE63800A57821 /* Sources */,
				27166B091DCCE63800A57821 /* Frameworks */,
				27166B0A1DCCE63800A57821 /* Resources */,
				E1DF07565479B73F1D41C25D /* [CP] Embed Pods Frameworks */,
				F06D8BAF52C3031329811D7C /* [CP] Copy Pods Resources */,
				27589DE51E95AFFB0037FC43 /* ShellScript */,
			);
			buildRules = (
			);
			dependencies = (
			);
			name = PetApp;
			productName = PetApp;
			productReference = 27166B0C1DCCE63800A57821 /* PetApp.app */;
			productType = "com.apple.product-type.application";
		};
		27589DEE1E9689C90037FC43 /* PetAppTests */ = {
			isa = PBXNativeTarget;
			buildConfigurationList = 27589DF61E9689C90037FC43 /* Build configuration list for PBXNativeTarget "PetAppTests" */;
			buildPhases = (
				27589DEB1E9689C90037FC43 /* Sources */,
				27589DEC1E9689C90037FC43 /* Frameworks */,
				27589DED1E9689C90037FC43 /* Resources */,
			);
			buildRules = (
			);
			dependencies = (
				27589DF51E9689C90037FC43 /* PBXTargetDependency */,
			);
			name = PetAppTests;
			productName = PetAppTests;
			productReference = 27589DEF1E9689C90037FC43 /* PetAppTests.xctest */;
			productType = "com.apple.product-type.bundle.unit-test";
		};
/* End PBXNativeTarget section */

/* Begin PBXProject section */
		27166B041DCCE63800A57821 /* Project object */ = {
			isa = PBXProject;
			attributes = {
				LastSwiftUpdateCheck = 0820;
				LastUpgradeCheck = 0820;
				ORGANIZATIONNAME = "Rebekah Baker";
				TargetAttributes = {
					27166B0B1DCCE63800A57821 = {
						CreatedOnToolsVersion = 8.1;
						DevelopmentTeam = PYE5SX7JJS;
						LastSwiftMigration = 0820;
						ProvisioningStyle = Manual;
						SystemCapabilities = {
							com.apple.Keychain = {
								enabled = 1;
							};
						};
					};
					27589DEE1E9689C90037FC43 = {
						CreatedOnToolsVersion = 8.2.1;
						DevelopmentTeam = Q455MXT946;
						ProvisioningStyle = Automatic;
						TestTargetID = 27166B0B1DCCE63800A57821;
					};
				};
			};
			buildConfigurationList = 27166B071DCCE63800A57821 /* Build configuration list for PBXProject "PetApp" */;
			compatibilityVersion = "Xcode 3.2";
			developmentRegion = English;
			hasScannedForEncodings = 0;
			knownRegions = (
				en,
				Base,
			);
			mainGroup = 27166B031DCCE63800A57821;
			productRefGroup = 27166B0D1DCCE63800A57821 /* Products */;
			projectDirPath = "";
			projectRoot = "";
			targets = (
				27166B0B1DCCE63800A57821 /* PetApp */,
				27589DEE1E9689C90037FC43 /* PetAppTests */,
			);
		};
/* End PBXProject section */

/* Begin PBXResourcesBuildPhase section */
		27166B0A1DCCE63800A57821 /* Resources */ = {
			isa = PBXResourcesBuildPhase;
			buildActionMask = 2147483647;
			files = (
				27166B1A1DCCE63800A57821 /* LaunchScreen.storyboard in Resources */,
				274994721DCD36AB0015B6F8 /* Main.storyboard in Resources */,
				27166B291DCCF2F400A57821 /* Lobster1.4.otf in Resources */,
				27166B171DCCE63800A57821 /* Assets.xcassets in Resources */,
				27166B221DCCE7BD00A57821 /* GoogleService-Info.plist in Resources */,
			);
			runOnlyForDeploymentPostprocessing = 0;
		};
		27589DED1E9689C90037FC43 /* Resources */ = {
			isa = PBXResourcesBuildPhase;
			buildActionMask = 2147483647;
			files = (
			);
			runOnlyForDeploymentPostprocessing = 0;
		};
/* End PBXResourcesBuildPhase section */

/* Begin PBXShellScriptBuildPhase section */
		27589DE51E95AFFB0037FC43 /* ShellScript */ = {
			isa = PBXShellScriptBuildPhase;
			buildActionMask = 2147483647;
			files = (
			);
			inputPaths = (
			);
			outputPaths = (
			);
			runOnlyForDeploymentPostprocessing = 0;
			shellPath = /bin/sh;
			shellScript = "\"${PODS_ROOT}/SwiftLint/swiftlint\"";
		};
		946AC9D43EF78C98BFC1D87C /* [CP] Check Pods Manifest.lock */ = {
			isa = PBXShellScriptBuildPhase;
			buildActionMask = 2147483647;
			files = (
			);
			inputPaths = (
			);
			name = "[CP] Check Pods Manifest.lock";
			outputPaths = (
			);
			runOnlyForDeploymentPostprocessing = 0;
			shellPath = /bin/sh;
			shellScript = "diff \"${PODS_ROOT}/../Podfile.lock\" \"${PODS_ROOT}/Manifest.lock\" > /dev/null\nif [ $? != 0 ] ; then\n    # print error to STDERR\n    echo \"error: The sandbox is not in sync with the Podfile.lock. Run 'pod install' or update your CocoaPods installation.\" >&2\n    exit 1\nfi\n";
			showEnvVarsInLog = 0;
		};
		E1DF07565479B73F1D41C25D /* [CP] Embed Pods Frameworks */ = {
			isa = PBXShellScriptBuildPhase;
			buildActionMask = 2147483647;
			files = (
			);
			inputPaths = (
			);
			name = "[CP] Embed Pods Frameworks";
			outputPaths = (
			);
			runOnlyForDeploymentPostprocessing = 0;
			shellPath = /bin/sh;
			shellScript = "\"${SRCROOT}/Pods/Target Support Files/Pods-PetApp/Pods-PetApp-frameworks.sh\"\n";
			showEnvVarsInLog = 0;
		};
		F06D8BAF52C3031329811D7C /* [CP] Copy Pods Resources */ = {
			isa = PBXShellScriptBuildPhase;
			buildActionMask = 2147483647;
			files = (
			);
			inputPaths = (
			);
			name = "[CP] Copy Pods Resources";
			outputPaths = (
			);
			runOnlyForDeploymentPostprocessing = 0;
			shellPath = /bin/sh;
			shellScript = "\"${SRCROOT}/Pods/Target Support Files/Pods-PetApp/Pods-PetApp-resources.sh\"\n";
			showEnvVarsInLog = 0;
		};
/* End PBXShellScriptBuildPhase section */

/* Begin PBXSourcesBuildPhase section */
		27166B081DCCE63800A57821 /* Sources */ = {
			isa = PBXSourcesBuildPhase;
			buildActionMask = 2147483647;
			files = (
				27BD7DEC1DDF935300B9DB9A /* TextFieldMaxLengths.swift in Sources */,
				2749947E1DD287530015B6F8 /* ProfileVC.swift in Sources */,
				279F2FAA1E316CC000DD2A7B /* LeftToRightSegue.swift in Sources */,
				27166B2B1DCCF5F300A57821 /* RoundedCornerButton.swift in Sources */,
				274474471DD6A5DA007EBABF /* UserPicCell.swift in Sources */,
				275F146E1EAFB8380026C13C /* FollowListVC.swift in Sources */,
				2719A1471E1AB37B001A901F /* ProfileVC+SaveUserInfo.swift in Sources */,
				27166B331DCD03E200A57821 /* FeedVC.swift in Sources */,
				278B91F31E0889BE00918312 /* CommentsVC+CommentTableView.swift in Sources */,
				27A2D5301E2539ED005CDCB7 /* UserListVC.swift in Sources */,
				279F2FA41E313B8700DD2A7B /* UserListVC+Search.swift in Sources */,
				274994701DCD2E470015B6F8 /* FirebaseAuth.swift in Sources */,
				2788DE481DEF614500078A41 /* ViewUserVC.swift in Sources */,
				27166B2D1DCCF67500A57821 /* RoundedBorderClearBackgroundButton.swift in Sources */,
				27166B121DCCE63800A57821 /* SignInVC.swift in Sources */,
				27017B351E38029200DD090D /* CommentsVC+TextField.swift in Sources */,
				2788DE511DF2086D00078A41 /* PostCaptionVC+TextView.swift in Sources */,
				2744744D1DD8EF78007EBABF /* DropShadow.swift in Sources */,
				279F2FA21E313A8400DD2A7B /* ViewUserVC+Follow.swift in Sources */,
				274994781DD0EDC50015B6F8 /* CircleImage.swift in Sources */,
				2748FE4C1E241B0D00A282A5 /* SinglePhotoVC.swift in Sources */,
				279F2FB01E326CC200DD2A7B /* UserCell.swift in Sources */,
				271F085B1E2835C000A8B867 /* ResponsiveTextField.swift in Sources */,
				2788DE4B1DF09F6C00078A41 /* PostVC+CoreImage.swift in Sources */,
				27BD7DF11DE4FBF800B9DB9A /* UsernameVC.swift in Sources */,
				27166B311DCD03BD00A57821 /* EntryVC.swift in Sources */,
				279F2FAC1E316E3400DD2A7B /* RIghtToLeftSegue.swift in Sources */,
				27166B2F1DCD03A500A57821 /* SignUpVC.swift in Sources */,
				27166B101DCCE63800A57821 /* AppDelegate.swift in Sources */,
				274474531DDE1B5E007EBABF /* NavBarDropShadow.swift in Sources */,
				2744744B1DD7965C007EBABF /* FeedCell.swift in Sources */,
				2788DE4F1DF2070C00078A41 /* PostCaptionVC.swift in Sources */,
				2778F4071DFF6570009BCF65 /* CommentsVC.swift in Sources */,
				279F2FA61E313CE700DD2A7B /* ViewUserVC+UserInfo.swift in Sources */,
				275F14701EAFB8600026C13C /* FollowCell.swift in Sources */,
				274474511DDA6DA9007EBABF /* User.swift in Sources */,
				2744744F1DDA2BB1007EBABF /* ResetPassVC.swift in Sources */,
				2778F4091E007955009BCF65 /* SinglePhotoCell.swift in Sources */,
				27166B3E1DCD0F9500A57821 /* DataService.swift in Sources */,
				274474571DDE209B007EBABF /* PostVC.swift in Sources */,
				27166B401DCD108300A57821 /* Constants.swift in Sources */,
				271F085D1E3135BD00A8B867 /* FeedVC+FeedTableView.swift in Sources */,
				274474551DDE1EF8007EBABF /* Post.swift in Sources */,
				278B91F71E09BED200918312 /* Comment.swift in Sources */,
				278B91F51E088C1C00918312 /* CommentCell.swift in Sources */,
			);
			runOnlyForDeploymentPostprocessing = 0;
		};
		27589DEB1E9689C90037FC43 /* Sources */ = {
			isa = PBXSourcesBuildPhase;
			buildActionMask = 2147483647;
			files = (
				27589DF21E9689C90037FC43 /* PetAppTests.swift in Sources */,
			);
			runOnlyForDeploymentPostprocessing = 0;
		};
/* End PBXSourcesBuildPhase section */

/* Begin PBXTargetDependency section */
		27589DF51E9689C90037FC43 /* PBXTargetDependency */ = {
			isa = PBXTargetDependency;
			target = 27166B0B1DCCE63800A57821 /* PetApp */;
			targetProxy = 27589DF41E9689C90037FC43 /* PBXContainerItemProxy */;
		};
/* End PBXTargetDependency section */

/* Begin PBXVariantGroup section */
		27166B181DCCE63800A57821 /* LaunchScreen.storyboard */ = {
			isa = PBXVariantGroup;
			children = (
				27166B191DCCE63800A57821 /* Base */,
			);
			name = LaunchScreen.storyboard;
			sourceTree = "<group>";
		};
/* End PBXVariantGroup section */

/* Begin XCBuildConfiguration section */
		27166B1C1DCCE63800A57821 /* Debug */ = {
			isa = XCBuildConfiguration;
			buildSettings = {
				ALWAYS_SEARCH_USER_PATHS = NO;
				CLANG_ANALYZER_NONNULL = YES;
				CLANG_CXX_LANGUAGE_STANDARD = "gnu++0x";
				CLANG_CXX_LIBRARY = "libc++";
				CLANG_ENABLE_MODULES = YES;
				CLANG_ENABLE_OBJC_ARC = YES;
				CLANG_WARN_BOOL_CONVERSION = YES;
				CLANG_WARN_CONSTANT_CONVERSION = YES;
				CLANG_WARN_DIRECT_OBJC_ISA_USAGE = YES_ERROR;
				CLANG_WARN_DOCUMENTATION_COMMENTS = YES;
				CLANG_WARN_EMPTY_BODY = YES;
				CLANG_WARN_ENUM_CONVERSION = YES;
				CLANG_WARN_INFINITE_RECURSION = YES;
				CLANG_WARN_INT_CONVERSION = YES;
				CLANG_WARN_OBJC_ROOT_CLASS = YES_ERROR;
				CLANG_WARN_SUSPICIOUS_MOVE = YES;
				CLANG_WARN_SUSPICIOUS_MOVES = YES;
				CLANG_WARN_UNREACHABLE_CODE = YES;
				CLANG_WARN__DUPLICATE_METHOD_MATCH = YES;
				CODE_SIGN_IDENTITY = "iPhone Developer";
				"CODE_SIGN_IDENTITY[sdk=iphoneos*]" = "iPhone Developer";
				COPY_PHASE_STRIP = NO;
				DEBUG_INFORMATION_FORMAT = dwarf;
				ENABLE_STRICT_OBJC_MSGSEND = YES;
				ENABLE_TESTABILITY = YES;
				GCC_C_LANGUAGE_STANDARD = gnu99;
				GCC_DYNAMIC_NO_PIC = NO;
				GCC_NO_COMMON_BLOCKS = YES;
				GCC_OPTIMIZATION_LEVEL = 0;
				GCC_PREPROCESSOR_DEFINITIONS = (
					"DEBUG=1",
					"$(inherited)",
				);
				GCC_WARN_64_TO_32_BIT_CONVERSION = YES;
				GCC_WARN_ABOUT_RETURN_TYPE = YES_ERROR;
				GCC_WARN_UNDECLARED_SELECTOR = YES;
				GCC_WARN_UNINITIALIZED_AUTOS = YES_AGGRESSIVE;
				GCC_WARN_UNUSED_FUNCTION = YES;
				GCC_WARN_UNUSED_VARIABLE = YES;
				IPHONEOS_DEPLOYMENT_TARGET = 10.1;
				MTL_ENABLE_DEBUG_INFO = YES;
				ONLY_ACTIVE_ARCH = YES;
				SDKROOT = iphoneos;
				SWIFT_ACTIVE_COMPILATION_CONDITIONS = DEBUG;
				SWIFT_OPTIMIZATION_LEVEL = "-Onone";
				TARGETED_DEVICE_FAMILY = "1,2";
			};
			name = Debug;
		};
		27166B1D1DCCE63800A57821 /* Release */ = {
			isa = XCBuildConfiguration;
			buildSettings = {
				ALWAYS_SEARCH_USER_PATHS = NO;
				CLANG_ANALYZER_NONNULL = YES;
				CLANG_CXX_LANGUAGE_STANDARD = "gnu++0x";
				CLANG_CXX_LIBRARY = "libc++";
				CLANG_ENABLE_MODULES = YES;
				CLANG_ENABLE_OBJC_ARC = YES;
				CLANG_WARN_BOOL_CONVERSION = YES;
				CLANG_WARN_CONSTANT_CONVERSION = YES;
				CLANG_WARN_DIRECT_OBJC_ISA_USAGE = YES_ERROR;
				CLANG_WARN_DOCUMENTATION_COMMENTS = YES;
				CLANG_WARN_EMPTY_BODY = YES;
				CLANG_WARN_ENUM_CONVERSION = YES;
				CLANG_WARN_INFINITE_RECURSION = YES;
				CLANG_WARN_INT_CONVERSION = YES;
				CLANG_WARN_OBJC_ROOT_CLASS = YES_ERROR;
				CLANG_WARN_SUSPICIOUS_MOVE = YES;
				CLANG_WARN_SUSPICIOUS_MOVES = YES;
				CLANG_WARN_UNREACHABLE_CODE = YES;
				CLANG_WARN__DUPLICATE_METHOD_MATCH = YES;
				CODE_SIGN_IDENTITY = "iPhone Developer";
				"CODE_SIGN_IDENTITY[sdk=iphoneos*]" = "iPhone Developer";
				COPY_PHASE_STRIP = NO;
				DEBUG_INFORMATION_FORMAT = "dwarf-with-dsym";
				ENABLE_NS_ASSERTIONS = NO;
				ENABLE_STRICT_OBJC_MSGSEND = YES;
				GCC_C_LANGUAGE_STANDARD = gnu99;
				GCC_NO_COMMON_BLOCKS = YES;
				GCC_WARN_64_TO_32_BIT_CONVERSION = YES;
				GCC_WARN_ABOUT_RETURN_TYPE = YES_ERROR;
				GCC_WARN_UNDECLARED_SELECTOR = YES;
				GCC_WARN_UNINITIALIZED_AUTOS = YES_AGGRESSIVE;
				GCC_WARN_UNUSED_FUNCTION = YES;
				GCC_WARN_UNUSED_VARIABLE = YES;
				IPHONEOS_DEPLOYMENT_TARGET = 10.1;
				MTL_ENABLE_DEBUG_INFO = NO;
				SDKROOT = iphoneos;
				SWIFT_OPTIMIZATION_LEVEL = "-Owholemodule";
				TARGETED_DEVICE_FAMILY = "1,2";
				VALIDATE_PRODUCT = YES;
			};
			name = Release;
		};
		27166B1F1DCCE63800A57821 /* Debug */ = {
			isa = XCBuildConfiguration;
			baseConfigurationReference = 6CD65ED0F38C43BADF665691 /* Pods-PetApp.debug.xcconfig */;
			buildSettings = {
				ALWAYS_EMBED_SWIFT_STANDARD_LIBRARIES = YES;
				ASSETCATALOG_COMPILER_APPICON_NAME = AppIcon;
				CODE_SIGN_ENTITLEMENTS = PetApp/PetApp.entitlements;
				DEVELOPMENT_TEAM = PYE5SX7JJS;
				FRAMEWORK_SEARCH_PATHS = (
					"$(inherited)",
					"$(PROJECT_DIR)",
				);
				INFOPLIST_FILE = PetApp/Info.plist;
				IPHONEOS_DEPLOYMENT_TARGET = 10.1;
				LD_RUNPATH_SEARCH_PATHS = "$(inherited) @executable_path/Frameworks";
				PRODUCT_BUNDLE_IDENTIFIER = com.bekahlynnbaker.PetsPic;
				PRODUCT_NAME = "$(TARGET_NAME)";
				PROVISIONING_PROFILE = "8c5915d5-c773-4e05-a251-97286cf14bf4";
				PROVISIONING_PROFILE_SPECIFIER = PetsPic;
				SWIFT_VERSION = 3.0;
			};
			name = Debug;
		};
		27166B201DCCE63800A57821 /* Release */ = {
			isa = XCBuildConfiguration;
			baseConfigurationReference = D33CB02ABE7EC0697EAF044B /* Pods-PetApp.release.xcconfig */;
			buildSettings = {
				ALWAYS_EMBED_SWIFT_STANDARD_LIBRARIES = YES;
				ASSETCATALOG_COMPILER_APPICON_NAME = AppIcon;
				CODE_SIGN_ENTITLEMENTS = PetApp/PetApp.entitlements;
				DEVELOPMENT_TEAM = PYE5SX7JJS;
				FRAMEWORK_SEARCH_PATHS = (
					"$(inherited)",
					"$(PROJECT_DIR)",
				);
				INFOPLIST_FILE = PetApp/Info.plist;
				IPHONEOS_DEPLOYMENT_TARGET = 10.1;
				LD_RUNPATH_SEARCH_PATHS = "$(inherited) @executable_path/Frameworks";
				PRODUCT_BUNDLE_IDENTIFIER = com.bekahlynnbaker.PetsPic;
				PRODUCT_NAME = "$(TARGET_NAME)";
				PROVISIONING_PROFILE = "8c5915d5-c773-4e05-a251-97286cf14bf4";
				PROVISIONING_PROFILE_SPECIFIER = PetsPic;
				SWIFT_VERSION = 3.0;
			};
			name = Release;
		};
		27589DF71E9689C90037FC43 /* Debug */ = {
			isa = XCBuildConfiguration;
			buildSettings = {
				BUNDLE_LOADER = "$(TEST_HOST)";
				DEVELOPMENT_TEAM = Q455MXT946;
				INFOPLIST_FILE = PetAppTests/Info.plist;
				IPHONEOS_DEPLOYMENT_TARGET = 10.2;
				LD_RUNPATH_SEARCH_PATHS = "$(inherited) @executable_path/Frameworks @loader_path/Frameworks";
				PRODUCT_BUNDLE_IDENTIFIER = com.bekahlynnbaker.PetAppTests;
				PRODUCT_NAME = "$(TARGET_NAME)";
				SWIFT_VERSION = 3.0;
				TEST_HOST = "$(BUILT_PRODUCTS_DIR)/PetApp.app/PetApp";
			};
			name = Debug;
		};
		27589DF81E9689C90037FC43 /* Release */ = {
			isa = XCBuildConfiguration;
			buildSettings = {
				BUNDLE_LOADER = "$(TEST_HOST)";
				DEVELOPMENT_TEAM = Q455MXT946;
				INFOPLIST_FILE = PetAppTests/Info.plist;
				IPHONEOS_DEPLOYMENT_TARGET = 10.2;
				LD_RUNPATH_SEARCH_PATHS = "$(inherited) @executable_path/Frameworks @loader_path/Frameworks";
				PRODUCT_BUNDLE_IDENTIFIER = com.bekahlynnbaker.PetAppTests;
				PRODUCT_NAME = "$(TARGET_NAME)";
				SWIFT_VERSION = 3.0;
				TEST_HOST = "$(BUILT_PRODUCTS_DIR)/PetApp.app/PetApp";
			};
			name = Release;
		};
/* End XCBuildConfiguration section */

/* Begin XCConfigurationList section */
		27166B071DCCE63800A57821 /* Build configuration list for PBXProject "PetApp" */ = {
			isa = XCConfigurationList;
			buildConfigurations = (
				27166B1C1DCCE63800A57821 /* Debug */,
				27166B1D1DCCE63800A57821 /* Release */,
			);
			defaultConfigurationIsVisible = 0;
			defaultConfigurationName = Release;
		};
		27166B1E1DCCE63800A57821 /* Build configuration list for PBXNativeTarget "PetApp" */ = {
			isa = XCConfigurationList;
			buildConfigurations = (
				27166B1F1DCCE63800A57821 /* Debug */,
				27166B201DCCE63800A57821 /* Release */,
			);
			defaultConfigurationIsVisible = 0;
			defaultConfigurationName = Release;
		};
		27589DF61E9689C90037FC43 /* Build configuration list for PBXNativeTarget "PetAppTests" */ = {
			isa = XCConfigurationList;
			buildConfigurations = (
				27589DF71E9689C90037FC43 /* Debug */,
				27589DF81E9689C90037FC43 /* Release */,
			);
			defaultConfigurationIsVisible = 0;
			defaultConfigurationName = Release;
		};
/* End XCConfigurationList section */
	};
	rootObject = 27166B041DCCE63800A57821 /* Project object */;
}
